// !$*UTF8*$!
{
	archiveVersion = 1;
	classes = {
	};
	objectVersion = 50;
	objects = {

/* Begin PBXBuildFile section */
		10C386D721DB115A00457039 /* AppDelegate.swift in Sources */ = {isa = PBXBuildFile; fileRef = 10C386D621DB115A00457039 /* AppDelegate.swift */; };
		10C386D921DB115A00457039 /* ViewController.swift in Sources */ = {isa = PBXBuildFile; fileRef = 10C386D821DB115A00457039 /* ViewController.swift */; };
		10C386DC21DB115A00457039 /* Main.storyboard in Resources */ = {isa = PBXBuildFile; fileRef = 10C386DA21DB115A00457039 /* Main.storyboard */; };
		10C386DE21DB115C00457039 /* Assets.xcassets in Resources */ = {isa = PBXBuildFile; fileRef = 10C386DD21DB115C00457039 /* Assets.xcassets */; };
		10C386E121DB115C00457039 /* LaunchScreen.storyboard in Resources */ = {isa = PBXBuildFile; fileRef = 10C386DF21DB115C00457039 /* LaunchScreen.storyboard */; };
		10C386EC21DB115D00457039 /* ChupAppTests.swift in Sources */ = {isa = PBXBuildFile; fileRef = 10C386EB21DB115D00457039 /* ChupAppTests.swift */; };
		10C386F721DB115D00457039 /* ChupAppUITests.swift in Sources */ = {isa = PBXBuildFile; fileRef = 10C386F621DB115D00457039 /* ChupAppUITests.swift */; };
/* End PBXBuildFile section */

/* Begin PBXContainerItemProxy section */
		10C386E821DB115D00457039 /* PBXContainerItemProxy */ = {
			isa = PBXContainerItemProxy;
			containerPortal = 10C386CB21DB115A00457039 /* Project object */;
			proxyType = 1;
			remoteGlobalIDString = 10C386D221DB115A00457039;
			remoteInfo = ChupApp;
		};
		10C386F321DB115D00457039 /* PBXContainerItemProxy */ = {
			isa = PBXContainerItemProxy;
			containerPortal = 10C386CB21DB115A00457039 /* Project object */;
			proxyType = 1;
			remoteGlobalIDString = 10C386D221DB115A00457039;
			remoteInfo = ChupApp;
		};
/* End PBXContainerItemProxy section */

/* Begin PBXFileReference section */
		10C386D321DB115A00457039 /* ChupApp.app */ = {isa = PBXFileReference; explicitFileType = wrapper.application; includeInIndex = 0; path = ChupApp.app; sourceTree = BUILT_PRODUCTS_DIR; };
		10C386D621DB115A00457039 /* AppDelegate.swift */ = {isa = PBXFileReference; lastKnownFileType = sourcecode.swift; path = AppDelegate.swift; sourceTree = "<group>"; };
		10C386D821DB115A00457039 /* ViewController.swift */ = {isa = PBXFileReference; lastKnownFileType = sourcecode.swift; path = ViewController.swift; sourceTree = "<group>"; };
		10C386DB21DB115A00457039 /* Base */ = {isa = PBXFileReference; lastKnownFileType = file.storyboard; name = Base; path = Base.lproj/Main.storyboard; sourceTree = "<group>"; };
		10C386DD21DB115C00457039 /* Assets.xcassets */ = {isa = PBXFileReference; lastKnownFileType = folder.assetcatalog; path = Assets.xcassets; sourceTree = "<group>"; };
		10C386E021DB115C00457039 /* Base */ = {isa = PBXFileReference; lastKnownFileType = file.storyboard; name = Base; path = Base.lproj/LaunchScreen.storyboard; sourceTree = "<group>"; };
		10C386E221DB115C00457039 /* Info.plist */ = {isa = PBXFileReference; lastKnownFileType = text.plist.xml; path = Info.plist; sourceTree = "<group>"; };
		10C386E721DB115D00457039 /* ChupAppTests.xctest */ = {isa = PBXFileReference; explicitFileType = wrapper.cfbundle; includeInIndex = 0; path = ChupAppTests.xctest; sourceTree = BUILT_PRODUCTS_DIR; };
		10C386EB21DB115D00457039 /* ChupAppTests.swift */ = {isa = PBXFileReference; lastKnownFileType = sourcecode.swift; path = ChupAppTests.swift; sourceTree = "<group>"; };
		10C386ED21DB115D00457039 /* Info.plist */ = {isa = PBXFileReference; lastKnownFileType = text.plist.xml; path = Info.plist; sourceTree = "<group>"; };
		10C386F221DB115D00457039 /* ChupAppUITests.xctest */ = {isa = PBXFileReference; explicitFileType = wrapper.cfbundle; includeInIndex = 0; path = ChupAppUITests.xctest; sourceTree = BUILT_PRODUCTS_DIR; };
		10C386F621DB115D00457039 /* ChupAppUITests.swift */ = {isa = PBXFileReference; lastKnownFileType = sourcecode.swift; path = ChupAppUITests.swift; sourceTree = "<group>"; };
		10C386F821DB115D00457039 /* Info.plist */ = {isa = PBXFileReference; lastKnownFileType = text.plist.xml; path = Info.plist; sourceTree = "<group>"; };
/* End PBXFileReference section */

/* Begin PBXFrameworksBuildPhase section */
		10C386D021DB115A00457039 /* Frameworks */ = {
			isa = PBXFrameworksBuildPhase;
			buildActionMask = 2147483647;
			files = (
			);
			runOnlyForDeploymentPostprocessing = 0;
		};
		10C386E421DB115D00457039 /* Frameworks */ = {
			isa = PBXFrameworksBuildPhase;
			buildActionMask = 2147483647;
			files = (
			);
			runOnlyForDeploymentPostprocessing = 0;
		};
		10C386EF21DB115D00457039 /* Frameworks */ = {
			isa = PBXFrameworksBuildPhase;
			buildActionMask = 2147483647;
			files = (
			);
			runOnlyForDeploymentPostprocessing = 0;
		};
/* End PBXFrameworksBuildPhase section */

/* Begin PBXGroup section */
		10C386CA21DB115A00457039 = {
			isa = PBXGroup;
			children = (
				10C386D521DB115A00457039 /* ChupApp */,
				10C386EA21DB115D00457039 /* ChupAppTests */,
				10C386F521DB115D00457039 /* ChupAppUITests */,
				10C386D421DB115A00457039 /* Products */,
			);
			sourceTree = "<group>";
		};
		10C386D421DB115A00457039 /* Products */ = {
			isa = PBXGroup;
			children = (
				10C386D321DB115A00457039 /* ChupApp.app */,
				10C386E721DB115D00457039 /* ChupAppTests.xctest */,
				10C386F221DB115D00457039 /* ChupAppUITests.xctest */,
			);
			name = Products;
			sourceTree = "<group>";
		};
		10C386D521DB115A00457039 /* ChupApp */ = {
			isa = PBXGroup;
			children = (
				10C386D621DB115A00457039 /* AppDelegate.swift */,
				10C386D821DB115A00457039 /* ViewController.swift */,
				10C386DA21DB115A00457039 /* Main.storyboard */,
				10C386DD21DB115C00457039 /* Assets.xcassets */,
				10C386DF21DB115C00457039 /* LaunchScreen.storyboard */,
				10C386E221DB115C00457039 /* Info.plist */,
			);
			path = ChupApp;
			sourceTree = "<group>";
		};
		10C386EA21DB115D00457039 /* ChupAppTests */ = {
			isa = PBXGroup;
			children = (
				10C386EB21DB115D00457039 /* ChupAppTests.swift */,
				10C386ED21DB115D00457039 /* Info.plist */,
			);
			path = ChupAppTests;
			sourceTree = "<group>";
		};
		10C386F521DB115D00457039 /* ChupAppUITests */ = {
			isa = PBXGroup;
			children = (
				10C386F621DB115D00457039 /* ChupAppUITests.swift */,
				10C386F821DB115D00457039 /* Info.plist */,
			);
			path = ChupAppUITests;
			sourceTree = "<group>";
		};
/* End PBXGroup section */

/* Begin PBXNativeTarget section */
		10C386D221DB115A00457039 /* ChupApp */ = {
			isa = PBXNativeTarget;
			buildConfigurationList = 10C386FB21DB115D00457039 /* Build configuration list for PBXNativeTarget "ChupApp" */;
			buildPhases = (
				10C386CF21DB115A00457039 /* Sources */,
				10C386D021DB115A00457039 /* Frameworks */,
				10C386D121DB115A00457039 /* Resources */,
			);
			buildRules = (
			);
			dependencies = (
			);
			name = ChupApp;
			productName = ChupApp;
			productReference = 10C386D321DB115A00457039 /* ChupApp.app */;
			productType = "com.apple.product-type.application";
		};
		10C386E621DB115D00457039 /* ChupAppTests */ = {
			isa = PBXNativeTarget;
			buildConfigurationList = 10C386FE21DB115D00457039 /* Build configuration list for PBXNativeTarget "ChupAppTests" */;
			buildPhases = (
				10C386E321DB115D00457039 /* Sources */,
				10C386E421DB115D00457039 /* Frameworks */,
				10C386E521DB115D00457039 /* Resources */,
			);
			buildRules = (
			);
			dependencies = (
				10C386E921DB115D00457039 /* PBXTargetDependency */,
			);
			name = ChupAppTests;
			productName = ChupAppTests;
			productReference = 10C386E721DB115D00457039 /* ChupAppTests.xctest */;
			productType = "com.apple.product-type.bundle.unit-test";
		};
		10C386F121DB115D00457039 /* ChupAppUITests */ = {
			isa = PBXNativeTarget;
			buildConfigurationList = 10C3870121DB115D00457039 /* Build configuration list for PBXNativeTarget "ChupAppUITests" */;
			buildPhases = (
				10C386EE21DB115D00457039 /* Sources */,
				10C386EF21DB115D00457039 /* Frameworks */,
				10C386F021DB115D00457039 /* Resources */,
			);
			buildRules = (
			);
			dependencies = (
				10C386F421DB115D00457039 /* PBXTargetDependency */,
			);
			name = ChupAppUITests;
			productName = ChupAppUITests;
			productReference = 10C386F221DB115D00457039 /* ChupAppUITests.xctest */;
			productType = "com.apple.product-type.bundle.ui-testing";
		};
/* End PBXNativeTarget section */

/* Begin PBXProject section */
		10C386CB21DB115A00457039 /* Project object */ = {
			isa = PBXProject;
			attributes = {
				LastSwiftUpdateCheck = 1010;
				LastUpgradeCheck = 1010;
				ORGANIZATIONNAME = VoidMX;
				TargetAttributes = {
					10C386D221DB115A00457039 = {
						CreatedOnToolsVersion = 10.1;
					};
					10C386E621DB115D00457039 = {
						CreatedOnToolsVersion = 10.1;
						TestTargetID = 10C386D221DB115A00457039;
					};
					10C386F121DB115D00457039 = {
						CreatedOnToolsVersion = 10.1;
						TestTargetID = 10C386D221DB115A00457039;
					};
				};
			};
			buildConfigurationList = 10C386CE21DB115A00457039 /* Build configuration list for PBXProject "ChupApp" */;
			compatibilityVersion = "Xcode 9.3";
			developmentRegion = en;
			hasScannedForEncodings = 0;
			knownRegions = (
				en,
				Base,
			);
			mainGroup = 10C386CA21DB115A00457039;
			productRefGroup = 10C386D421DB115A00457039 /* Products */;
			projectDirPath = "";
			projectRoot = "";
			targets = (
				10C386D221DB115A00457039 /* ChupApp */,
				10C386E621DB115D00457039 /* ChupAppTests */,
				10C386F121DB115D00457039 /* ChupAppUITests */,
			);
		};
/* End PBXProject section */

/* Begin PBXResourcesBuildPhase section */
		10C386D121DB115A00457039 /* Resources */ = {
			isa = PBXResourcesBuildPhase;
			buildActionMask = 2147483647;
			files = (
				10C386E121DB115C00457039 /* LaunchScreen.storyboard in Resources */,
				10C386DE21DB115C00457039 /* Assets.xcassets in Resources */,
				10C386DC21DB115A00457039 /* Main.storyboard in Resources */,
			);
			runOnlyForDeploymentPostprocessing = 0;
		};
		10C386E521DB115D00457039 /* Resources */ = {
			isa = PBXResourcesBuildPhase;
			buildActionMask = 2147483647;
			files = (
			);
			runOnlyForDeploymentPostprocessing = 0;
		};
		10C386F021DB115D00457039 /* Resources */ = {
			isa = PBXResourcesBuildPhase;
			buildActionMask = 2147483647;
			files = (
			);
			runOnlyForDeploymentPostprocessing = 0;
		};
/* End PBXResourcesBuildPhase section */

/* Begin PBXSourcesBuildPhase section */
		10C386CF21DB115A00457039 /* Sources */ = {
			isa = PBXSourcesBuildPhase;
			buildActionMask = 2147483647;
			files = (
				10C386D921DB115A00457039 /* ViewController.swift in Sources */,
				10C386D721DB115A00457039 /* AppDelegate.swift in Sources */,
			);
			runOnlyForDeploymentPostprocessing = 0;
		};
		10C386E321DB115D00457039 /* Sources */ = {
			isa = PBXSourcesBuildPhase;
			buildActionMask = 2147483647;
			files = (
				10C386EC21DB115D00457039 /* ChupAppTests.swift in Sources */,
			);
			runOnlyForDeploymentPostprocessing = 0;
		};
		10C386EE21DB115D00457039 /* Sources */ = {
			isa = PBXSourcesBuildPhase;
			buildActionMask = 2147483647;
			files = (
				10C386F721DB115D00457039 /* ChupAppUITests.swift in Sources */,
			);
			runOnlyForDeploymentPostprocessing = 0;
		};
/* End PBXSourcesBuildPhase section */

/* Begin PBXTargetDependency section */
		10C386E921DB115D00457039 /* PBXTargetDependency */ = {
			isa = PBXTargetDependency;
			target = 10C386D221DB115A00457039 /* ChupApp */;
			targetProxy = 10C386E821DB115D00457039 /* PBXContainerItemProxy */;
		};
		10C386F421DB115D00457039 /* PBXTargetDependency */ = {
			isa = PBXTargetDependency;
			target = 10C386D221DB115A00457039 /* ChupApp */;
			targetProxy = 10C386F321DB115D00457039 /* PBXContainerItemProxy */;
		};
/* End PBXTargetDependency section */

/* Begin PBXVariantGroup section */
		10C386DA21DB115A00457039 /* Main.storyboard */ = {
			isa = PBXVariantGroup;
			children = (
				10C386DB21DB115A00457039 /* Base */,
			);
			name = Main.storyboard;
			sourceTree = "<group>";
		};
		10C386DF21DB115C00457039 /* LaunchScreen.storyboard */ = {
			isa = PBXVariantGroup;
			children = (
				10C386E021DB115C00457039 /* Base */,
			);
			name = LaunchScreen.storyboard;
			sourceTree = "<group>";
		};
/* End PBXVariantGroup section */

/* Begin XCBuildConfiguration section */
		10C386F921DB115D00457039 /* Debug */ = {
			isa = XCBuildConfiguration;
			buildSettings = {
				ALWAYS_SEARCH_USER_PATHS = NO;
				CLANG_ANALYZER_NONNULL = YES;
				CLANG_ANALYZER_NUMBER_OBJECT_CONVERSION = YES_AGGRESSIVE;
				CLANG_CXX_LANGUAGE_STANDARD = "gnu++14";
				CLANG_CXX_LIBRARY = "libc++";
				CLANG_ENABLE_MODULES = YES;
				CLANG_ENABLE_OBJC_ARC = YES;
				CLANG_ENABLE_OBJC_WEAK = YES;
				CLANG_WARN_BLOCK_CAPTURE_AUTORELEASING = YES;
				CLANG_WARN_BOOL_CONVERSION = YES;
				CLANG_WARN_COMMA = YES;
				CLANG_WARN_CONSTANT_CONVERSION = YES;
				CLANG_WARN_DEPRECATED_OBJC_IMPLEMENTATIONS = YES;
				CLANG_WARN_DIRECT_OBJC_ISA_USAGE = YES_ERROR;
				CLANG_WARN_DOCUMENTATION_COMMENTS = YES;
				CLANG_WARN_EMPTY_BODY = YES;
				CLANG_WARN_ENUM_CONVERSION = YES;
				CLANG_WARN_INFINITE_RECURSION = YES;
				CLANG_WARN_INT_CONVERSION = YES;
				CLANG_WARN_NON_LITERAL_NULL_CONVERSION = YES;
				CLANG_WARN_OBJC_IMPLICIT_RETAIN_SELF = YES;
				CLANG_WARN_OBJC_LITERAL_CONVERSION = YES;
				CLANG_WARN_OBJC_ROOT_CLASS = YES_ERROR;
				CLANG_WARN_RANGE_LOOP_ANALYSIS = YES;
				CLANG_WARN_STRICT_PROTOTYPES = YES;
				CLANG_WARN_SUSPICIOUS_MOVE = YES;
				CLANG_WARN_UNGUARDED_AVAILABILITY = YES_AGGRESSIVE;
				CLANG_WARN_UNREACHABLE_CODE = YES;
				CLANG_WARN__DUPLICATE_METHOD_MATCH = YES;
				CODE_SIGN_IDENTITY = "iPhone Developer";
				COPY_PHASE_STRIP = NO;
				DEBUG_INFORMATION_FORMAT = dwarf;
				ENABLE_STRICT_OBJC_MSGSEND = YES;
				ENABLE_TESTABILITY = YES;
				GCC_C_LANGUAGE_STANDARD = gnu11;
				GCC_DYNAMIC_NO_PIC = NO;
				GCC_NO_COMMON_BLOCKS = YES;
				GCC_OPTIMIZATION_LEVEL = 0;
				GCC_PREPROCESSOR_DEFINITIONS = (
					"DEBUG=1",
					"$(inherited)",
				);
				GCC_WARN_64_TO_32_BIT_CONVERSION = YES;
				GCC_WARN_ABOUT_RETURN_TYPE = YES_ERROR;
				GCC_WARN_UNDECLARED_SELECTOR = YES;
				GCC_WARN_UNINITIALIZED_AUTOS = YES_AGGRESSIVE;
				GCC_WARN_UNUSED_FUNCTION = YES;
				GCC_WARN_UNUSED_VARIABLE = YES;
				IPHONEOS_DEPLOYMENT_TARGET = 12.1;
				MTL_ENABLE_DEBUG_INFO = INCLUDE_SOURCE;
				MTL_FAST_MATH = YES;
				ONLY_ACTIVE_ARCH = YES;
				SDKROOT = iphoneos;
				SWIFT_ACTIVE_COMPILATION_CONDITIONS = DEBUG;
				SWIFT_OPTIMIZATION_LEVEL = "-Onone";
			};
			name = Debug;
		};
		10C386FA21DB115D00457039 /* Release */ = {
			isa = XCBuildConfiguration;
			buildSettings = {
				ALWAYS_SEARCH_USER_PATHS = NO;
				CLANG_ANALYZER_NONNULL = YES;
				CLANG_ANALYZER_NUMBER_OBJECT_CONVERSION = YES_AGGRESSIVE;
				CLANG_CXX_LANGUAGE_STANDARD = "gnu++14";
				CLANG_CXX_LIBRARY = "libc++";
				CLANG_ENABLE_MODULES = YES;
				CLANG_ENABLE_OBJC_ARC = YES;
				CLANG_ENABLE_OBJC_WEAK = YES;
				CLANG_WARN_BLOCK_CAPTURE_AUTORELEASING = YES;
				CLANG_WARN_BOOL_CONVERSION = YES;
				CLANG_WARN_COMMA = YES;
				CLANG_WARN_CONSTANT_CONVERSION = YES;
				CLANG_WARN_DEPRECATED_OBJC_IMPLEMENTATIONS = YES;
				CLANG_WARN_DIRECT_OBJC_ISA_USAGE = YES_ERROR;
				CLANG_WARN_DOCUMENTATION_COMMENTS = YES;
				CLANG_WARN_EMPTY_BODY = YES;
				CLANG_WARN_ENUM_CONVERSION = YES;
				CLANG_WARN_INFINITE_RECURSION = YES;
				CLANG_WARN_INT_CONVERSION = YES;
				CLANG_WARN_NON_LITERAL_NULL_CONVERSION = YES;
				CLANG_WARN_OBJC_IMPLICIT_RETAIN_SELF = YES;
				CLANG_WARN_OBJC_LITERAL_CONVERSION = YES;
				CLANG_WARN_OBJC_ROOT_CLASS = YES_ERROR;
				CLANG_WARN_RANGE_LOOP_ANALYSIS = YES;
				CLANG_WARN_STRICT_PROTOTYPES = YES;
				CLANG_WARN_SUSPICIOUS_MOVE = YES;
				CLANG_WARN_UNGUARDED_AVAILABILITY = YES_AGGRESSIVE;
				CLANG_WARN_UNREACHABLE_CODE = YES;
				CLANG_WARN__DUPLICATE_METHOD_MATCH = YES;
				CODE_SIGN_IDENTITY = "iPhone Developer";
				COPY_PHASE_STRIP = NO;
				DEBUG_INFORMATION_FORMAT = "dwarf-with-dsym";
				ENABLE_NS_ASSERTIONS = NO;
				ENABLE_STRICT_OBJC_MSGSEND = YES;
				GCC_C_LANGUAGE_STANDARD = gnu11;
				GCC_NO_COMMON_BLOCKS = YES;
				GCC_WARN_64_TO_32_BIT_CONVERSION = YES;
				GCC_WARN_ABOUT_RETURN_TYPE = YES_ERROR;
				GCC_WARN_UNDECLARED_SELECTOR = YES;
				GCC_WARN_UNINITIALIZED_AUTOS = YES_AGGRESSIVE;
				GCC_WARN_UNUSED_FUNCTION = YES;
				GCC_WARN_UNUSED_VARIABLE = YES;
				IPHONEOS_DEPLOYMENT_TARGET = 12.1;
				MTL_ENABLE_DEBUG_INFO = NO;
				MTL_FAST_MATH = YES;
				SDKROOT = iphoneos;
				SWIFT_COMPILATION_MODE = wholemodule;
				SWIFT_OPTIMIZATION_LEVEL = "-O";
				VALIDATE_PRODUCT = YES;
			};
			name = Release;
		};
		10C386FC21DB115D00457039 /* Debug */ = {
			isa = XCBuildConfiguration;
			buildSettings = {
				ASSETCATALOG_COMPILER_APPICON_NAME = AppIcon;
				CODE_SIGN_STYLE = Automatic;
				DEVELOPMENT_TEAM = 9B5WH826WU;
				INFOPLIST_FILE = ChupApp/Info.plist;
				LD_RUNPATH_SEARCH_PATHS = (
					"$(inherited)",
					"@executable_path/Frameworks",
				);
				PRODUCT_BUNDLE_IDENTIFIER = tech.voidmx.ChupApp;
				PRODUCT_NAME = "$(TARGET_NAME)";
				SWIFT_VERSION = 4.2;
				TARGETED_DEVICE_FAMILY = "1,2";
			};
			name = Debug;
		};
		10C386FD21DB115D00457039 /* Release */ = {
			isa = XCBuildConfiguration;
			buildSettings = {
				ASSETCATALOG_COMPILER_APPICON_NAME = AppIcon;
				CODE_SIGN_STYLE = Automatic;
				DEVELOPMENT_TEAM = 9B5WH826WU;
				INFOPLIST_FILE = ChupApp/Info.plist;
				LD_RUNPATH_SEARCH_PATHS = (
					"$(inherited)",
					"@executable_path/Frameworks",
				);
				PRODUCT_BUNDLE_IDENTIFIER = tech.voidmx.ChupApp;
				PRODUCT_NAME = "$(TARGET_NAME)";
				SWIFT_VERSION = 4.2;
				TARGETED_DEVICE_FAMILY = "1,2";
			};
			name = Release;
		};
		10C386FF21DB115D00457039 /* Debug */ = {
			isa = XCBuildConfiguration;
			buildSettings = {
				ALWAYS_EMBED_SWIFT_STANDARD_LIBRARIES = YES;
				BUNDLE_LOADER = "$(TEST_HOST)";
				CODE_SIGN_STYLE = Automatic;
				INFOPLIST_FILE = ChupAppTests/Info.plist;
				LD_RUNPATH_SEARCH_PATHS = (
					"$(inherited)",
					"@executable_path/Frameworks",
					"@loader_path/Frameworks",
				);
				PRODUCT_BUNDLE_IDENTIFIER = tech.voidmx.ChupAppTests;
				PRODUCT_NAME = "$(TARGET_NAME)";
				SWIFT_VERSION = 4.2;
				TARGETED_DEVICE_FAMILY = "1,2";
				TEST_HOST = "$(BUILT_PRODUCTS_DIR)/ChupApp.app/ChupApp";
			};
			name = Debug;
		};
		10C3870021DB115D00457039 /* Release */ = {
			isa = XCBuildConfiguration;
			buildSettings = {
				ALWAYS_EMBED_SWIFT_STANDARD_LIBRARIES = YES;
				BUNDLE_LOADER = "$(TEST_HOST)";
				CODE_SIGN_STYLE = Automatic;
				INFOPLIST_FILE = ChupAppTests/Info.plist;
				LD_RUNPATH_SEARCH_PATHS = (
					"$(inherited)",
					"@executable_path/Frameworks",
					"@loader_path/Frameworks",
				);
				PRODUCT_BUNDLE_IDENTIFIER = tech.voidmx.ChupAppTests;
				PRODUCT_NAME = "$(TARGET_NAME)";
				SWIFT_VERSION = 4.2;
				TARGETED_DEVICE_FAMILY = "1,2";
				TEST_HOST = "$(BUILT_PRODUCTS_DIR)/ChupApp.app/ChupApp";
			};
			name = Release;
		};
		10C3870221DB115D00457039 /* Debug */ = {
			isa = XCBuildConfiguration;
			buildSettings = {
				ALWAYS_EMBED_SWIFT_STANDARD_LIBRARIES = YES;
				CODE_SIGN_STYLE = Automatic;
				INFOPLIST_FILE = ChupAppUITests/Info.plist;
				LD_RUNPATH_SEARCH_PATHS = (
					"$(inherited)",
					"@executable_path/Frameworks",
					"@loader_path/Frameworks",
				);
				PRODUCT_BUNDLE_IDENTIFIER = tech.voidmx.ChupAppUITests;
				PRODUCT_NAME = "$(TARGET_NAME)";
				SWIFT_VERSION = 4.2;
				TARGETED_DEVICE_FAMILY = "1,2";
				TEST_TARGET_NAME = ChupApp;
			};
			name = Debug;
		};
		10C3870321DB115D00457039 /* Release */ = {
			isa = XCBuildConfiguration;
			buildSettings = {
				ALWAYS_EMBED_SWIFT_STANDARD_LIBRARIES = YES;
				CODE_SIGN_STYLE = Automatic;
				INFOPLIST_FILE = ChupAppUITests/Info.plist;
				LD_RUNPATH_SEARCH_PATHS = (
					"$(inherited)",
					"@executable_path/Frameworks",
					"@loader_path/Frameworks",
				);
				PRODUCT_BUNDLE_IDENTIFIER = tech.voidmx.ChupAppUITests;
				PRODUCT_NAME = "$(TARGET_NAME)";
				SWIFT_VERSION = 4.2;
				TARGETED_DEVICE_FAMILY = "1,2";
				TEST_TARGET_NAME = ChupApp;
			};
			name = Release;
		};
/* End XCBuildConfiguration section */

/* Begin XCConfigurationList section */
		10C386CE21DB115A00457039 /* Build configuration list for PBXProject "ChupApp" */ = {
			isa = XCConfigurationList;
			buildConfigurations = (
				10C386F921DB115D00457039 /* Debug */,
				10C386FA21DB115D00457039 /* Release */,
			);
			defaultConfigurationIsVisible = 0;
			defaultConfigurationName = Release;
		};
		10C386FB21DB115D00457039 /* Build configuration list for PBXNativeTarget "ChupApp" */ = {
			isa = XCConfigurationList;
			buildConfigurations = (
				10C386FC21DB115D00457039 /* Debug */,
				10C386FD21DB115D00457039 /* Release */,
			);
			defaultConfigurationIsVisible = 0;
			defaultConfigurationName = Release;
		};
		10C386FE21DB115D00457039 /* Build configuration list for PBXNativeTarget "ChupAppTests" */ = {
			isa = XCConfigurationList;
			buildConfigurations = (
				10C386FF21DB115D00457039 /* Debug */,
				10C3870021DB115D00457039 /* Release */,
			);
			defaultConfigurationIsVisible = 0;
			defaultConfigurationName = Release;
		};
		10C3870121DB115D00457039 /* Build configuration list for PBXNativeTarget "ChupAppUITests" */ = {
			isa = XCConfigurationList;
			buildConfigurations = (
				10C3870221DB115D00457039 /* Debug */,
				10C3870321DB115D00457039 /* Release */,
			);
			defaultConfigurationIsVisible = 0;
			defaultConfigurationName = Release;
		};
/* End XCConfigurationList section */
	};
	rootObject = 10C386CB21DB115A00457039 /* Project object */;
}
